
Microsoft Visual Studio Solution File, Format Version 12.00
# Visual Studio 15
VisualStudioVersion = 15.0.28307.168
MinimumVisualStudioVersion = 10.0.40219.1
Project("{FAE04EC0-301F-11D3-BF4B-00C04F79EFBC}") = "ExercicioResolvidoEnumComp2", "ExercicioResolvidoEnumComp2\ExercicioResolvidoEnumComp2.csproj", "{9226DB9E-0CE7-4AB0-BA7F-561619A65634}"
EndProject
Global
	GlobalSection(SolutionConfigurationPlatforms) = preSolution
		Debug|Any CPU = Debug|Any CPU
		Release|Any CPU = Release|Any CPU
	EndGlobalSection
	GlobalSection(ProjectConfigurationPlatforms) = postSolution
		{9226DB9E-0CE7-4AB0-BA7F-561619A65634}.Debug|Any CPU.ActiveCfg = Debug|Any CPU
		{9226DB9E-0CE7-4AB0-BA7F-561619A65634}.Debug|Any CPU.Build.0 = Debug|Any CPU
		{9226DB9E-0CE7-4AB0-BA7F-561619A65634}.Release|Any CPU.ActiveCfg = Release|Any CPU
		{9226DB9E-0CE7-4AB0-BA7F-561619A65634}.Release|Any CPU.Build.0 = Release|Any CPU
	EndGlobalSection
	GlobalSection(SolutionProperties) = preSolution
		HideSolutionNode = FALSE
	EndGlobalSection
	GlobalSection(ExtensibilityGlobals) = postSolution
		SolutionGuid = {1EA9B35D-985E-4326-86E5-A7F57EE2ADEF}
	EndGlobalSection
EndGlobal
